
Microsoft Visual Studio Solution File, Format Version 12.00
# Visual Studio 15
VisualStudioVersion = 15.0.28307.1433
MinimumVisualStudioVersion = 10.0.40219.1
Project("{FAE04EC0-301F-11D3-BF4B-00C04F79EFBC}") = "Image4", "Image4\Image4.csproj", "{7DDFD74A-C422-4263-998A-B8B8E88F1CE0}"
EndProject
Global
	GlobalSection(SolutionConfigurationPlatforms) = preSolution
		Debug|Any CPU = Debug|Any CPU
		Release|Any CPU = Release|Any CPU
	EndGlobalSection
	GlobalSection(ProjectConfigurationPlatforms) = postSolution
		{7DDFD74A-C422-4263-998A-B8B8E88F1CE0}.Debug|Any CPU.ActiveCfg = Debug|Any CPU
		{7DDFD74A-C422-4263-998A-B8B8E88F1CE0}.Debug|Any CPU.Build.0 = Debug|Any CPU
		{7DDFD74A-C422-4263-998A-B8B8E88F1CE0}.Release|Any CPU.ActiveCfg = Release|Any CPU
		{7DDFD74A-C422-4263-998A-B8B8E88F1CE0}.Release|Any CPU.Build.0 = Release|Any CPU
	EndGlobalSection
	GlobalSection(SolutionProperties) = preSolution
		HideSolutionNode = FALSE
	EndGlobalSection
	GlobalSection(ExtensibilityGlobals) = postSolution
		SolutionGuid = {B962CAB9-69FC-4A6F-B896-CF58241EF107}
	EndGlobalSection
EndGlobal
