
Microsoft Visual Studio Solution File, Format Version 12.00
# Visual Studio 15
VisualStudioVersion = 15.0.28307.1433
MinimumVisualStudioVersion = 10.0.40219.1
Project("{FAE04EC0-301F-11D3-BF4B-00C04F79EFBC}") = "Image2", "Image2\Image2.csproj", "{9F5EC934-9277-4860-96CB-9C5C0E92C19D}"
EndProject
Global
	GlobalSection(SolutionConfigurationPlatforms) = preSolution
		Debug|Any CPU = Debug|Any CPU
		Release|Any CPU = Release|Any CPU
	EndGlobalSection
	GlobalSection(ProjectConfigurationPlatforms) = postSolution
		{9F5EC934-9277-4860-96CB-9C5C0E92C19D}.Debug|Any CPU.ActiveCfg = Debug|Any CPU
		{9F5EC934-9277-4860-96CB-9C5C0E92C19D}.Debug|Any CPU.Build.0 = Debug|Any CPU
		{9F5EC934-9277-4860-96CB-9C5C0E92C19D}.Release|Any CPU.ActiveCfg = Release|Any CPU
		{9F5EC934-9277-4860-96CB-9C5C0E92C19D}.Release|Any CPU.Build.0 = Release|Any CPU
	EndGlobalSection
	GlobalSection(SolutionProperties) = preSolution
		HideSolutionNode = FALSE
	EndGlobalSection
	GlobalSection(ExtensibilityGlobals) = postSolution
		SolutionGuid = {A33BDA53-C195-4E92-A1B0-6B0A1E08F2EA}
	EndGlobalSection
EndGlobal
